schema: '2.0'
stages:
  build_features:
    cmd: python .\src\features\build_features.py
    deps:
    - path: .\data\raw\dfcolor.csv
      hash: md5
      md5: 4fe0277b506e7cb1481222a0453f2fbc
      size: 17182745
    - path: .\src\features\build_features.py
      hash: md5
      md5: 168238d7bdc38224b2930a98c81fc33c
      size: 1868
  make_dataset:
    cmd: python .\src\data\make_dataset.py
    deps:
    - path: .\data\build_data\df.csv
      hash: md5
      md5: 2ca431aacccab03b60f485b1eab3a016
      size: 2630100
    - path: .\src\data\make_dataset.py
      hash: md5
      md5: 182de60c5659623232646684504c5216
      size: 1853
    params:
      params.yaml:
        make_dataset.seed: 2023
        make_dataset.test_split: 0.2
